
Microsoft Visual Studio Solution File, Format Version 12.00
# Visual Studio Version 16
VisualStudioVersion = 16.0.29418.71
MinimumVisualStudioVersion = 10.0.40219.1
Project("{FAE04EC0-301F-11D3-BF4B-00C04F79EFBC}") = "Globetrotter", "Globetrotter\Globetrotter.csproj", "{AD1F9807-C0BB-4DD0-97C3-8F528F75AA38}"
EndProject
Global
	GlobalSection(SolutionConfigurationPlatforms) = preSolution
		Debug|Any CPU = Debug|Any CPU
		Release|Any CPU = Release|Any CPU
	EndGlobalSection
	GlobalSection(ProjectConfigurationPlatforms) = postSolution
		{AD1F9807-C0BB-4DD0-97C3-8F528F75AA38}.Debug|Any CPU.ActiveCfg = Debug|Any CPU
		{AD1F9807-C0BB-4DD0-97C3-8F528F75AA38}.Debug|Any CPU.Build.0 = Debug|Any CPU
		{AD1F9807-C0BB-4DD0-97C3-8F528F75AA38}.Release|Any CPU.ActiveCfg = Release|Any CPU
		{AD1F9807-C0BB-4DD0-97C3-8F528F75AA38}.Release|Any CPU.Build.0 = Release|Any CPU
	EndGlobalSection
	GlobalSection(SolutionProperties) = preSolution
		HideSolutionNode = FALSE
	EndGlobalSection
	GlobalSection(ExtensibilityGlobals) = postSolution
		SolutionGuid = {1A6E779E-8CD1-4C50-A50B-18064571B23B}
	EndGlobalSection
EndGlobal
